
Microsoft Visual Studio Solution File, Format Version 12.00
# Visual Studio Version 17
VisualStudioVersion = 17.1.31911.260
MinimumVisualStudioVersion = 10.0.40219.1
Project("{8BC9CEB8-8B4A-11D0-8D11-00A0C91BC942}") = "external-aimbot", "external-aimbot.vcxproj", "{AC297436-964D-4835-882E-B979B969FCB5}"
EndProject
Global
	GlobalSection(SolutionConfigurationPlatforms) = preSolution
		Debug|x64 = Debug|x64
		Debug|x86 = Debug|x86
		Release|x64 = Release|x64
		Release|x86 = Release|x86
	EndGlobalSection
	GlobalSection(ProjectConfigurationPlatforms) = postSolution
		{AC297436-964D-4835-882E-B979B969FCB5}.Debug|x64.ActiveCfg = Debug|x64
		{AC297436-964D-4835-882E-B979B969FCB5}.Debug|x64.Build.0 = Debug|x64
		{AC297436-964D-4835-882E-B979B969FCB5}.Debug|x86.ActiveCfg = Debug|Win32
		{AC297436-964D-4835-882E-B979B969FCB5}.Debug|x86.Build.0 = Debug|Win32
		{AC297436-964D-4835-882E-B979B969FCB5}.Release|x64.ActiveCfg = Release|x64
		{AC297436-964D-4835-882E-B979B969FCB5}.Release|x64.Build.0 = Release|x64
		{AC297436-964D-4835-882E-B979B969FCB5}.Release|x86.ActiveCfg = Release|Win32
		{AC297436-964D-4835-882E-B979B969FCB5}.Release|x86.Build.0 = Release|Win32
	EndGlobalSection
	GlobalSection(SolutionProperties) = preSolution
		HideSolutionNode = FALSE
	EndGlobalSection
	GlobalSection(ExtensibilityGlobals) = postSolution
		SolutionGuid = {A5AE45DC-D24A-4217-8A1F-5800BD10D3E5}
	EndGlobalSection
EndGlobal
